
Microsoft Visual Studio Solution File, Format Version 12.00
# Visual Studio Version 17
VisualStudioVersion = 17.3.32825.248
MinimumVisualStudioVersion = 10.0.40219.1
Project("{FAE04EC0-301F-11D3-BF4B-00C04F79EFBC}") = "AlarmOnExplosions", "AlarmOnExplosions.csproj", "{53D0B322-7E89-4F70-A308-B83C5E15D109}"
EndProject
Global
	GlobalSection(SolutionConfigurationPlatforms) = preSolution
		Debug|Any CPU = Debug|Any CPU
		Release|Any CPU = Release|Any CPU
	EndGlobalSection
	GlobalSection(ProjectConfigurationPlatforms) = postSolution
		{53D0B322-7E89-4F70-A308-B83C5E15D109}.Debug|Any CPU.ActiveCfg = Debug|Any CPU
		{53D0B322-7E89-4F70-A308-B83C5E15D109}.Debug|Any CPU.Build.0 = Debug|Any CPU
		{53D0B322-7E89-4F70-A308-B83C5E15D109}.Release|Any CPU.ActiveCfg = Release|Any CPU
		{53D0B322-7E89-4F70-A308-B83C5E15D109}.Release|Any CPU.Build.0 = Release|Any CPU
	EndGlobalSection
	GlobalSection(SolutionProperties) = preSolution
		HideSolutionNode = FALSE
	EndGlobalSection
	GlobalSection(ExtensibilityGlobals) = postSolution
		SolutionGuid = {F791545C-0491-4F24-A784-BC4ADA2D9E3A}
	EndGlobalSection
EndGlobal
